
Microsoft Visual Studio Solution File, Format Version 12.00
# Visual Studio 15
VisualStudioVersion = 15.0.27004.2005
MinimumVisualStudioVersion = 10.0.40219.1
Project("{FAE04EC0-301F-11D3-BF4B-00C04F79EFBC}") = "KellyControls", "KellyControls\KellyControls.csproj", "{5E14C692-C4BD-4DF1-B649-6B390CBFDF53}"
EndProject
Global
	GlobalSection(SolutionConfigurationPlatforms) = preSolution
		Debug|Any CPU = Debug|Any CPU
		Release|Any CPU = Release|Any CPU
	EndGlobalSection
	GlobalSection(ProjectConfigurationPlatforms) = postSolution
		{5E14C692-C4BD-4DF1-B649-6B390CBFDF53}.Debug|Any CPU.ActiveCfg = Debug|Any CPU
		{5E14C692-C4BD-4DF1-B649-6B390CBFDF53}.Debug|Any CPU.Build.0 = Debug|Any CPU
		{5E14C692-C4BD-4DF1-B649-6B390CBFDF53}.Release|Any CPU.ActiveCfg = Release|Any CPU
		{5E14C692-C4BD-4DF1-B649-6B390CBFDF53}.Release|Any CPU.Build.0 = Release|Any CPU
	EndGlobalSection
	GlobalSection(SolutionProperties) = preSolution
		HideSolutionNode = FALSE
	EndGlobalSection
	GlobalSection(ExtensibilityGlobals) = postSolution
		SolutionGuid = {3C66F6C7-5D81-439F-B696-32B7CF881D47}
	EndGlobalSection
EndGlobal
